
Microsoft Visual Studio Solution File, Format Version 12.00
# Visual Studio Version 17
VisualStudioVersion = 17.6.33829.357
MinimumVisualStudioVersion = 10.0.40219.1
Project("{FAE04EC0-301F-11D3-BF4B-00C04F79EFBC}") = "gtainjector", "gtainjector\gtainjector.csproj", "{A6807C64-5610-4B91-9FD8-3AB60FB8D31E}"
EndProject
Global
	GlobalSection(SolutionConfigurationPlatforms) = preSolution
		Debug|Any CPU = Debug|Any CPU
		Release|Any CPU = Release|Any CPU
	EndGlobalSection
	GlobalSection(ProjectConfigurationPlatforms) = postSolution
		{A6807C64-5610-4B91-9FD8-3AB60FB8D31E}.Debug|Any CPU.ActiveCfg = Debug|Any CPU
		{A6807C64-5610-4B91-9FD8-3AB60FB8D31E}.Debug|Any CPU.Build.0 = Debug|Any CPU
		{A6807C64-5610-4B91-9FD8-3AB60FB8D31E}.Release|Any CPU.ActiveCfg = Release|Any CPU
		{A6807C64-5610-4B91-9FD8-3AB60FB8D31E}.Release|Any CPU.Build.0 = Release|Any CPU
	EndGlobalSection
	GlobalSection(SolutionProperties) = preSolution
		HideSolutionNode = FALSE
	EndGlobalSection
	GlobalSection(ExtensibilityGlobals) = postSolution
		SolutionGuid = {1A3D50A1-1F8A-4EF2-A68E-D4A799FC6233}
	EndGlobalSection
EndGlobal
