
Microsoft Visual Studio Solution File, Format Version 12.00
# Visual Studio Version 17
VisualStudioVersion = 17.6.33829.357
MinimumVisualStudioVersion = 10.0.40219.1
Project("{FAE04EC0-301F-11D3-BF4B-00C04F79EFBC}") = "yimmenu-injector", "yimmenu-injector\yimmenu-injector.csproj", "{B41B8515-B73E-47C1-9BD6-C087A1A36D0D}"
EndProject
Global
	GlobalSection(SolutionConfigurationPlatforms) = preSolution
		Debug|Any CPU = Debug|Any CPU
		Release|Any CPU = Release|Any CPU
	EndGlobalSection
	GlobalSection(ProjectConfigurationPlatforms) = postSolution
		{B41B8515-B73E-47C1-9BD6-C087A1A36D0D}.Debug|Any CPU.ActiveCfg = Debug|Any CPU
		{B41B8515-B73E-47C1-9BD6-C087A1A36D0D}.Debug|Any CPU.Build.0 = Debug|Any CPU
		{B41B8515-B73E-47C1-9BD6-C087A1A36D0D}.Release|Any CPU.ActiveCfg = Release|Any CPU
		{B41B8515-B73E-47C1-9BD6-C087A1A36D0D}.Release|Any CPU.Build.0 = Release|Any CPU
	EndGlobalSection
	GlobalSection(SolutionProperties) = preSolution
		HideSolutionNode = FALSE
	EndGlobalSection
	GlobalSection(ExtensibilityGlobals) = postSolution
		SolutionGuid = {4D76DD20-C378-4B98-9244-736533CEBD0B}
	EndGlobalSection
EndGlobal
